
Microsoft Visual Studio Solution File, Format Version 12.00
# Visual Studio Version 17
VisualStudioVersion = 17.0.32014.148
MinimumVisualStudioVersion = 10.0.40219.1
Project("{FAE04EC0-301F-11D3-BF4B-00C04F79EFBC}") = "d4", "d4\d4.csproj", "{B6F48FA6-5DC2-413B-BFB3-F9C49C6D2CB8}"
EndProject
Global
	GlobalSection(SolutionConfigurationPlatforms) = preSolution
		Debug|Any CPU = Debug|Any CPU
		Release|Any CPU = Release|Any CPU
	EndGlobalSection
	GlobalSection(ProjectConfigurationPlatforms) = postSolution
		{B6F48FA6-5DC2-413B-BFB3-F9C49C6D2CB8}.Debug|Any CPU.ActiveCfg = Debug|Any CPU
		{B6F48FA6-5DC2-413B-BFB3-F9C49C6D2CB8}.Debug|Any CPU.Build.0 = Debug|Any CPU
		{B6F48FA6-5DC2-413B-BFB3-F9C49C6D2CB8}.Release|Any CPU.ActiveCfg = Release|Any CPU
		{B6F48FA6-5DC2-413B-BFB3-F9C49C6D2CB8}.Release|Any CPU.Build.0 = Release|Any CPU
	EndGlobalSection
	GlobalSection(SolutionProperties) = preSolution
		HideSolutionNode = FALSE
	EndGlobalSection
	GlobalSection(ExtensibilityGlobals) = postSolution
		SolutionGuid = {0A3CD440-AA08-4F08-9791-5450FD0EB660}
	EndGlobalSection
EndGlobal
